schema_version: 1
page: 8
source: assets/page-08.jpg
source_sha256: 5ddbe419c36418e782d2d4fbc308dd66a871bb90968341bf1cbbdc7f56d52927
fragments:
  running_head_raster:
    sha256: dfe867e3d18151202180a282be9e7dba7bb82031da2653c092fefb4328d65112
    bbox_px:
      x: 214
      y: 26
      w: 632
      h: 36
    source_ppi: 185.78
    upscale_factor: 1.62
    upscale_provisional: true
  heraldry_captioned:
    sha256: 5f572c6f52b75b47757d100f3eebc1d2614068fb20a1716bd65541ee1b07df5a
    bbox_px:
      x: 36
      y: 60
      w: 145
      h: 258
    source_ppi: 185.78
    upscale_factor: 1.62
    upscale_provisional: true
  title_ornament:
    sha256: 52c1944b1acf9089c45fae416d76fb7a70bad02a048de56ac17177bc07a9978c
    bbox_px:
      x: 300
      y: 195
      w: 430
      h: 30
    source_ppi: 185.78
    upscale_factor: 6.46
    upscale_provisional: true
  magnolia_flower:
    sha256: 407aee504431503fe2060cb629e3a0fbc3baf826e12cd8d83ab432f8ad759095
    bbox_px:
      x: 845
      y: 120
      w: 150
      h: 182
    source_ppi: 185.78
    upscale_factor: 1.62
    upscale_provisional: true
  small_blason_square:
    sha256: 43c877cf6e45c0ba443e433c46b2828dc9abbf417254943fef7560d4cbf6753a
    bbox_px:
      x: 755
      y: 185
      w: 90
      h: 90
    source_ppi: 185.78
    upscale_factor: 1.62
    upscale_provisional: true
  hero_captioned:
    sha256: 0ae73f4d230843965eb48410b33eac77fa968f364ccecc86db52693200f1085d
    bbox_px:
      x: 380
      y: 255
      w: 615
      h: 650
    source_ppi: 185.78
    upscale_factor: 1.62
    upscale_provisional: true
  cross_h1:
    sha256: 1cc82625535d35ebcd6b79c60ea35910e2d367c35a4f9cbda0da3ebf66625154
    bbox_px:
      x: 46
      y: 346
      w: 22
      h: 22
    source_ppi: 185.78
    upscale_factor: 6.46
    upscale_provisional: true
  cross_h2:
    sha256: f8d37eebaa658d50fc021a5d2da428afb17756944b19a8eb0ec9a6802ad55dbc
    bbox_px:
      x: 46
      y: 614
      w: 22
      h: 22
    source_ppi: 185.78
    upscale_factor: 6.46
    upscale_provisional: true
  cross_h3:
    sha256: 9ace3893c6ce24bf2569c6316e05bef775a284c0516a5719b6debf3818b60927
    bbox_px:
      x: 46
      y: 800
      w: 22
      h: 22
    source_ppi: 185.78
    upscale_factor: 6.46
    upscale_provisional: true
  panorama_captioned:
    sha256: 1b4cb512d3e38155965516ddce367c4eb00e437ef13a87577b65e008aca8e511
    bbox_px:
      x: 40
      y: 955
      w: 945
      h: 140
    source_ppi: 185.78
    upscale_factor: 1.62
    upscale_provisional: true
  map_document:
    sha256: a978cef8bc8bcaf5a538865000bedb76c2e0cd3219b582b7710fdbfc269a02b2
    bbox_px:
      x: 40
      y: 1105
      w: 356
      h: 195
    source_ppi: 185.78
    upscale_factor: 1.62
    upscale_provisional: true
  pin_icon:
    sha256: 6b1af0591cbe0b4bc9eede10a9241c3b0924832da19d5f9525fb875bf1b91754
    bbox_px:
      x: 468
      y: 1110
      w: 18
      h: 28
    source_ppi: 185.78
    upscale_factor: 6.46
    upscale_provisional: true
  phone_icon:
    sha256: 8cb4f798e7b3beeb326b0d183f9bcc29d07ed2380ef4753bc96622330dc4bf91
    bbox_px:
      x: 748
      y: 1110
      w: 16
      h: 28
    source_ppi: 185.78
    upscale_factor: 6.46
    upscale_provisional: true
  localization_vignette:
    sha256: fda6cf834114883dbfacc69f86f0cc238ab74f004e814d55490dc09dac33c675
    bbox_px:
      x: 425
      y: 1205
      w: 245
      h: 105
    source_ppi: 185.78
    upscale_factor: 1.62
    upscale_provisional: true
  mappe_icon:
    sha256: 390d86455a4402cfdf3bbd10ea0727c417882fdf6c368d6e1e7c25b598c9d1e6
    bbox_px:
      x: 68
      y: 1313
      w: 26
      h: 30
    source_ppi: 185.78
    upscale_factor: 6.46
    upscale_provisional: true
  info_icons:
    sha256: 366626b1fa840ed3af11e33108cad9402786f612cb13c1c66b83c9752f657850
    bbox_px:
      x: 54
      y: 1393
      w: 40
      h: 104
    source_ppi: 185.78
    upscale_factor: 6.46
    upscale_provisional: true
  bottom_vignette:
    sha256: 3b8243f61e07edc33a00b693b2bbab66cefcf924c8c7a4bbe7c6bda9d522c630
    bbox_px:
      x: 578
      y: 1360
      w: 446
      h: 175
    source_ppi: 185.78
    upscale_factor: 1.62
    upscale_provisional: true
