schema_version: 1
page: 5
source: assets/page-05.jpg
source_sha256: 8c28325d76fd3ac0e3c0a0038bf9f73d9d95eb68efdd950d250aede760291530
fragments:
  running_head_raster:
    sha256: d5ed95a090181c80a93e65a6137a3c570ad837bf8e377b7db88c3601f652eed5
    bbox_px:
      x: 214
      y: 32
      w: 632
      h: 36
  heraldry_captioned:
    sha256: b710dd7abe42456802d7064926d1fdbee7e31fbff89c0c522dfcbc3d608df20e
    bbox_px:
      x: 30
      y: 60
      w: 158
      h: 266
  title_ornament:
    sha256: 5f59b03476f2127c8738d96ec90af54553ee17b2d4084c3f25c9ce4e72aa7dbb
    bbox_px:
      x: 298
      y: 194
      w: 432
      h: 34
  hero_captioned:
    sha256: e79b10ac8160d4a0720a7134367edeb62cd5bb766b8e854d932eb6edd05bf14d
    bbox_px:
      x: 578
      y: 72
      w: 421
      h: 474
  poype_captioned:
    sha256: a25c8d0ea6a082aed7e3c70bb14e109088821cfffc5213fc0a70d4cb71c7c8a9
    bbox_px:
      x: 33
      y: 704
      w: 427
      h: 318
  princess_captioned:
    sha256: 3d294a4592e9864b56612e981d85407c9f7c41c06934f359e58becffb62abe1b
    bbox_px:
      x: 480
      y: 727
      w: 518
      h: 300
  map_document:
    sha256: a074c192fed769974f2cdf5e0d419e73f1e4bcf27e04027472802b199fb666d6
    bbox_px:
      x: 40
      y: 1043
      w: 369
      h: 203
  localization_vignette:
    sha256: 4da4c48cafbf722432899302dc061ac56d3c34af1528742ff06ce7545bf9238c
    bbox_px:
      x: 452
      y: 1140
      w: 251
      h: 113
  pin_icon:
    sha256: 1a45ebef77a8db61dd4a4713be472e0e95642893db50bb01dc6572716898688c
    bbox_px:
      x: 495
      y: 1046
      w: 19
      h: 26
  phone_icon:
    sha256: 322fdac7bcce5d1cca48852de3f34c9a5e1c2f692aaa4ace1c54e52ce097a4f5
    bbox_px:
      x: 773
      y: 1045
      w: 17
      h: 27
  mappe_icon:
    sha256: 08af0aa98249c493bec0d7bb9b9f4639ec5197e63164937d12ff8e7cce675bae
    bbox_px:
      x: 60
      y: 1266
      w: 32
      h: 26
  info_icons:
    sha256: c55f1b62f6d1aad3206f48e0473d3c64900605154cac80f9935a412a93f787a4
    bbox_px:
      x: 40
      y: 1337
      w: 50
      h: 135
  ruins_vignette:
    sha256: 6e8fe56714720b5158f87c6dba5dc3878dae3c1124961c4d9b34d80d5c3139bf
    bbox_px:
      x: 575
      y: 1314
      w: 428
      h: 158
