schema_version: 1
page: 6
source: assets/page-06.jpg
source_sha256: 8169817e1bbbcafb3c5a53221f05dde95e9da34625e8e806021ca0514d323031
fragments:
  heraldry_captioned:
    sha256: 9702bee109b5a09946c35c539a5d333085d0e072e7065aa2de5802c59098ee7b
    bbox_px:
      x: 40
      y: 30
      w: 135
      h: 252
    source_ppi: 185.78
    upscale_factor: 1.62
    upscale_provisional: true
  sky_patch_top_right:
    sha256: dd9a2fc710b8d0b48087638a993e1a6a3f058851abc6386c61da46e0cefa3860
    bbox_px:
      x: 852
      y: 36
      w: 148
      h: 104
    source_ppi: 185.78
    upscale_factor: 1.62
    upscale_provisional: true
  hero_captioned:
    sha256: 8b41af386862ddd96675492f2d57ee7e86852557b41c558d9f62871521a5cac9
    bbox_px:
      x: 481
      y: 140
      w: 520
      h: 650
    source_ppi: 185.78
    upscale_factor: 1.62
    upscale_provisional: true
  title_ornament:
    sha256: c1b9227531626d8e47281f8b507b9684986c203dbb279faca56f890e0ca342f0
    bbox_px:
      x: 276
      y: 190
      w: 433
      h: 30
    source_ppi: 185.78
    upscale_factor: 6.46
    upscale_provisional: true
  cross_h1:
    sha256: d29ee9f70c4245bed0a72ad5b9648293f2da7e7ffb5143e1ccd85cc230097b44
    bbox_px:
      x: 40
      y: 302
      w: 24
      h: 26
    source_ppi: 185.78
    upscale_factor: 6.46
    upscale_provisional: true
  cross_h2:
    sha256: c15c99861484866aaf326534b251c1f30c39168b435a667bc8fa0e27549a0803
    bbox_px:
      x: 40
      y: 676
      w: 24
      h: 26
    source_ppi: 185.78
    upscale_factor: 6.46
    upscale_provisional: true
  cross_h3:
    sha256: 1f57a537bc0c1bbcc2e3a8eb354f865f0daac81f57a64b17b34d5ac8e0108275
    bbox_px:
      x: 40
      y: 900
      w: 24
      h: 26
    source_ppi: 185.78
    upscale_factor: 6.46
    upscale_provisional: true
  du_pont_blason_captioned:
    sha256: 243ebf532a3bd465da69ea86cb5b434be302546c8e68a193976c253d3f83891b
    bbox_px:
      x: 526
      y: 678
      w: 146
      h: 224
    source_ppi: 185.78
    upscale_factor: 1.62
    upscale_provisional: true
  berthollet_portrait_captioned:
    sha256: 5cecf34cbea23f1b39eaea08b204a6aa4d13855bad0845b3c8a025c2c9a78c5c
    bbox_px:
      x: 501
      y: 910
      w: 181
      h: 212
    source_ppi: 185.78
    upscale_factor: 1.62
    upscale_provisional: true
  vestiges_box_captioned:
    sha256: 6c40b583352db47c33a27aa16f5e9dd4df1f88ba41723cbbf967601e2d3e3d64
    bbox_px:
      x: 700
      y: 795
      w: 290
      h: 318
    source_ppi: 185.78
    upscale_factor: 1.62
    upscale_provisional: true
  map_document:
    sha256: ebe83d9157e085a287f82758f8fb9e34908937258e1a779a2cec3774c425c267
    bbox_px:
      x: 40
      y: 1145
      w: 359
      h: 193
    source_ppi: 185.78
    upscale_factor: 1.62
    upscale_provisional: true
  localization_vignette:
    sha256: 14a4907bad812ee20f1e28b4758fb5cccda87ad93671b640ea354dab020e74e9
    bbox_px:
      x: 427
      y: 1228
      w: 259
      h: 114
    source_ppi: 185.78
    upscale_factor: 1.62
    upscale_provisional: true
  pin_icon:
    sha256: 3503842a879f9a10fb9e3461b73456de043e7217d229aa36c1f348a7f15a964d
    bbox_px:
      x: 473
      y: 1148
      w: 19
      h: 26
    source_ppi: 185.78
    upscale_factor: 6.46
    upscale_provisional: true
  phone_icon:
    sha256: c4833450876ed8fd315116a097ad8279e5b12fd2ab98d290bb2810bc48a32aec
    bbox_px:
      x: 754
      y: 1148
      w: 14
      h: 24
    source_ppi: 185.78
    upscale_factor: 6.46
    upscale_provisional: true
  mappe_icon:
    sha256: 0a8f4c2d4173612d47cb4267e9fd5cdc4e3f325e082558e868129a1b721d257a
    bbox_px:
      x: 64
      y: 1356
      w: 28
      h: 28
    source_ppi: 185.78
    upscale_factor: 6.46
    upscale_provisional: true
  monk_bottom_left:
    sha256: 91e2272d6b2dcce5afec96a53b6d0bbdb76542b7457738b6cdf7329a2eb098f1
    bbox_px:
      x: 40
      y: 1385
      w: 140
      h: 150
    source_ppi: 185.78
    upscale_factor: 1.62
    upscale_provisional: true
  fleuron_left:
    sha256: 24a6071f7314cb4759ebb00e5619f5788dc75de42bc68efa48dcc767138269d0
    bbox_px:
      x: 180
      y: 1430
      w: 53
      h: 40
    source_ppi: 185.78
    upscale_factor: 6.46
    upscale_provisional: true
  fleuron_right:
    sha256: 63931f89810418b2222375da3ce0d0836a859e0f0762f114e06c4f38d3328037
    bbox_px:
      x: 790
      y: 1430
      w: 80
      h: 40
    source_ppi: 185.78
    upscale_factor: 6.46
    upscale_provisional: true
  ruins_bottom_right:
    sha256: f331afadc985fb6e58d3eb8b25e20e7ace4859a89f19cad6808e436a7259c4e9
    bbox_px:
      x: 840
      y: 1385
      w: 160
      h: 150
    source_ppi: 185.78
    upscale_factor: 1.62
    upscale_provisional: true
