schema_version: 1
page: 14
source: assets/page-14.jpg
source_sha256: 50ed5e18685a9b057f52ad6e769786e9d9d830628a542a868d13334462d92003
fragments:
  heraldry_captioned:
    sha256: a75aa0d0a288a6100a54092d3c672b394e497f0f7796a58f5e90619eaf008d93
    bbox_px:
      x: 30
      y: 40
      w: 138
      h: 232
  cloister_top_right:
    sha256: 102d4991a022952bda3b2f738b85dd8b0522d9524c6ee5616c4aa29d2fdca6a7
    bbox_px:
      x: 600
      y: 38
      w: 440
      h: 450
  landscape_mid_right:
    sha256: fca3f7a85c87e5168c0182537f21f5c51cceaca27c3adb532f88459cf9e1a42d
    bbox_px:
      x: 478
      y: 485
      w: 554
      h: 242
  banner_nous_rejoindre:
    sha256: 4574fc00263a34d40423ae14024275328433fe1ea4d5f305329c689eb6b422be
    bbox_px:
      x: 68
      y: 418
      w: 445
      h: 58
  icons_column:
    sha256: b48e4149be50fe122336246710a58ab6e904e60e2ac44b284df9ca34f074bc6c
    bbox_px:
      x: 60
      y: 476
      w: 40
      h: 234
  quote_fleuron_left:
    sha256: 1994a1f39b70005dd77b4c5646b4d6dd99d96bdd236ae41a3c18ca04b856d885
    bbox_px:
      x: 62
      y: 733
      w: 34
      h: 34
  quote_fleuron_right:
    sha256: 68eaf7d5cf171fde4a47670cd4d110f5021af0d1add045783acc774b13ec1243
    bbox_px:
      x: 956
      y: 733
      w: 34
      h: 34
  books:
    sha256: 414be64c539d1e1b8d4348df80675c9c788babe8adc6da4803f36ad4533d97c8
    bbox_px:
      x: 38
      y: 788
      w: 255
      h: 138
  banner_auteur:
    sha256: c87559cbd8b2a7d7dd6f33b5c4ec94a5c8551de2a994303225e066b985f835db
    bbox_px:
      x: 293
      y: 788
      w: 455
      h: 55
  quill:
    sha256: 78764a521bcf1080ecf14085a411a5f689470bdb545bcd155fdda2e20ee8e53f
    bbox_px:
      x: 893
      y: 776
      w: 114
      h: 126
  seal_left:
    sha256: 83a20871f4aeaff361ff9fc1921814528745e48fc849ae7822721ca922a1ceee
    bbox_px:
      x: 36
      y: 1195
      w: 118
      h: 118
  seal_right:
    sha256: d333727e1250358dfbf67e2265f71b9b283cfb1342a53d9b361d1e5b6c9d920b
    bbox_px:
      x: 886
      y: 1191
      w: 133
      h: 134
  castle_bottom_left:
    sha256: fa15bdf2e6afa8eb18b3374cff45233225770277f85741381f4322510a8e550a
    bbox_px:
      x: 18
      y: 1312
      w: 245
      h: 178
  cross_bottom_right:
    sha256: b8ae7a47191c60c12261b0ba56fb5c698b47692bc538c3d316bc668bcace6c13
    bbox_px:
      x: 768
      y: 1325
      w: 272
      h: 165
