schema_version: 1
page: 12
source: assets/page-12.jpg
source_sha256: 0afd9e2eb552b9fff7339a03817205f511b83ae7614884437812463123e61638
fragments:
  running_head_raster:
    sha256: 5dce1c2f400d46009cba477a26c8d6544640f3897b201a34db3e1c44d56850d3
    bbox_px:
      x: 262
      y: 24
      w: 532
      h: 26
  heraldry_captioned:
    sha256: 3057c37b2c32010e8c41e987a981ae06955e289d3ada89d592d024324538e65d
    bbox_px:
      x: 30
      y: 45
      w: 140
      h: 232
  statue:
    sha256: 798e39029eca3fa96efcdb4d72a132d3fe4a8200abbd7182ad8a086e9b20b5ed
    bbox_px:
      x: 878
      y: 22
      w: 154
      h: 296
  title_ornament:
    sha256: c09f9c9f2f89911aa9751c9e13f8a29e53bf44dc6786847ade958c3afb508e64
    bbox_px:
      x: 306
      y: 190
      w: 448
      h: 26
  hero:
    sha256: 061265c7a7b39d91cc22256a4e59cfd1525890afc92e38191112240c49fe2dd1
    bbox_px:
      x: 420
      y: 185
      w: 612
      h: 465
  cross_h1:
    sha256: 0ef2afa9ea74aafb4757c331926810d44e7775b7e69b60d664daee2162b283da
    bbox_px:
      x: 36
      y: 294
      w: 22
      h: 22
  cross_h2:
    sha256: 7188008b4bf4b904bd9f72917d552ce7a96f16a6698c7801a22727a2667b7adf
    bbox_px:
      x: 36
      y: 634
      w: 22
      h: 22
  cross_h3:
    sha256: 2e090ee4cb4eee233936a1b4b2834bc5dfcbd4dc0793f501773a0db68b3f15a6
    bbox_px:
      x: 438
      y: 659
      w: 22
      h: 22
  chapel:
    sha256: c623e79c94bdbc85de45dfe3243fa818e108bdc6fff9495e4552bf6464eb2ebf
    bbox_px:
      x: 775
      y: 655
      w: 257
      h: 238
  portrait_medallion:
    sha256: b1857cb71e646c80f6eb289cbfd6151f0154945562433e9c48cc002c0a1ea99e
    bbox_px:
      x: 301
      y: 773
      w: 120
      h: 116
  network_panorama_captioned:
    sha256: c654f78ca9abef1cf4ac0f3a95dc9109dd89a47f746981ef26e7998a3debeb3c
    bbox_px:
      x: 31
      y: 896
      w: 993
      h: 194
  map_document:
    sha256: 8727af0eddd579c9e61d38786b2035f62422ef4eba44b5a963324d0834a3857c
    bbox_px:
      x: 40
      y: 1106
      w: 350
      h: 170
  pin_icon:
    sha256: f7fb83766cf06ac3fc13192445a97ea48cd8f524c1aa9f73f3070a91a3d3172a
    bbox_px:
      x: 466
      y: 1106
      w: 20
      h: 26
  phone_icon:
    sha256: 8ae7af55a6784129848258b6480f9023d41d7507ca2d90006e80a8db8bfb7a6d
    bbox_px:
      x: 772
      y: 1106
      w: 17
      h: 25
  localization_vignette:
    sha256: cee6fefe6362dbb09ad9bb01a9811461b72d6a76068fec1ecf89865968f053cd
    bbox_px:
      x: 425
      y: 1195
      w: 262
      h: 85
  mappe_icon:
    sha256: bf6384de8e135d51651aa2d75f34dbcf22b4672f68cac28cd9edf885f41866a2
    bbox_px:
      x: 58
      y: 1288
      w: 34
      h: 29
  info_icons:
    sha256: 7264f317e5933261265cab97f829b6210aac25209808e7398538f36aa8e2ec83
    bbox_px:
      x: 56
      y: 1347
      w: 26
      h: 104
  bottom_vignette:
    sha256: ddc85c3773fceea843996f5d4f261ea8a6be7c2f00e766c0ef3d5be8ff9eac9e
    bbox_px:
      x: 590
      y: 1330
      w: 442
      h: 160
