schema_version: 1
page: 12
source: assets/page-12.jpg
source_sha256: 0afd9e2eb552b9fff7339a03817205f511b83ae7614884437812463123e61638
fragments:
  running_head_raster:
    sha256: b9dae568bfa0a670cbe422c5e6327bb2de0050e1184d854e767c08c671b07c36
    bbox_px:
      x: 262
      y: 24
      w: 532
      h: 26
    source_ppi: 181.06
    upscale_factor: 1.66
    upscale_provisional: true
  heraldry_captioned:
    sha256: e7d0fb421a3b90cee7c8d8271a807cb15a5a14715331a4c01843f4329fcb53e2
    bbox_px:
      x: 30
      y: 45
      w: 140
      h: 232
    source_ppi: 181.06
    upscale_factor: 1.66
    upscale_provisional: true
  statue:
    sha256: 781bdf25fcadf47d00b4a05ca969bd8e3c4834f400400e1e21336c8fa5b3f764
    bbox_px:
      x: 878
      y: 22
      w: 154
      h: 296
    source_ppi: 181.06
    upscale_factor: 1.66
    upscale_provisional: true
  title_ornament:
    sha256: f8e760fc7883696f7c83d47ce4a0309ab0f4280332080f0230e21eb05545bc14
    bbox_px:
      x: 306
      y: 190
      w: 448
      h: 26
    source_ppi: 181.06
    upscale_factor: 6.63
    upscale_provisional: true
  hero:
    sha256: 2acc1f983885e4ca1b99bc2a7d9d2bced3d8c7db297f4732a11552a9b5970812
    bbox_px:
      x: 420
      y: 185
      w: 612
      h: 465
    source_ppi: 181.06
    upscale_factor: 1.66
    upscale_provisional: true
  cross_h1:
    sha256: b0edd6817c49248c6610455a02ea770da8a0193afbc61e6ff97f0e86d21c9975
    bbox_px:
      x: 36
      y: 294
      w: 22
      h: 22
    source_ppi: 181.06
    upscale_factor: 6.63
    upscale_provisional: true
  cross_h2:
    sha256: 574633caa65c161458611ae9a206a281d12c2625ef16219b93016669a84f2ce4
    bbox_px:
      x: 36
      y: 634
      w: 22
      h: 22
    source_ppi: 181.06
    upscale_factor: 6.63
    upscale_provisional: true
  cross_h3:
    sha256: daa438b6beda3c85f98a31798a24970437c3d3aec6f5fc400aad100fb2fbba2a
    bbox_px:
      x: 438
      y: 659
      w: 22
      h: 22
    source_ppi: 181.06
    upscale_factor: 6.63
    upscale_provisional: true
  chapel:
    sha256: bc1a1b603f142aff6fd1b1a4a89876ca0b07b67ef5369f6f750180b1fde03836
    bbox_px:
      x: 775
      y: 655
      w: 257
      h: 238
    source_ppi: 181.06
    upscale_factor: 1.66
    upscale_provisional: true
  portrait_medallion:
    sha256: 78e9706ab45f9cfe13473f9b575322b5d180109d6eedd6f45204ebb843514cfc
    bbox_px:
      x: 301
      y: 773
      w: 120
      h: 116
    source_ppi: 181.06
    upscale_factor: 1.66
    upscale_provisional: true
  network_panorama_captioned:
    sha256: c89ec3c3b1ade7e6c358d98d358ee0e5ee49a0a23bbc3c72b82ab7c15d280f0a
    bbox_px:
      x: 31
      y: 896
      w: 993
      h: 194
    source_ppi: 181.06
    upscale_factor: 1.66
    upscale_provisional: true
  map_document:
    sha256: 3fd1a0ca717bfd06c1782ac08a4bc720cc10538a3ae9c791fb2e4b7b2aeadfc2
    bbox_px:
      x: 40
      y: 1106
      w: 350
      h: 170
    source_ppi: 181.06
    upscale_factor: 1.66
    upscale_provisional: true
  pin_icon:
    sha256: ee341d6bfa5a7ff5b5f63b736bf13718ea1f6e502c007c6662cb837e5d4e0c5d
    bbox_px:
      x: 466
      y: 1106
      w: 20
      h: 26
    source_ppi: 181.06
    upscale_factor: 6.63
    upscale_provisional: true
  phone_icon:
    sha256: 1989d42131b2216e7aeee9e9255e4a145643c99058690ca0168ac2c3637125db
    bbox_px:
      x: 772
      y: 1106
      w: 17
      h: 25
    source_ppi: 181.06
    upscale_factor: 6.63
    upscale_provisional: true
  localization_vignette:
    sha256: d853df1d52c4f5d536977dcae212061c256f45e730fd419790faf19aae23ee47
    bbox_px:
      x: 425
      y: 1195
      w: 262
      h: 85
    source_ppi: 181.06
    upscale_factor: 1.66
    upscale_provisional: true
  mappe_icon:
    sha256: 5c87c74503c9cef7b4ec15a378d95e851915e6b2786fb5d13e7d54d16de8ef96
    bbox_px:
      x: 58
      y: 1288
      w: 34
      h: 29
    source_ppi: 181.06
    upscale_factor: 6.63
    upscale_provisional: true
  info_icons:
    sha256: 18d25ad26f12b2db53bfa8fafbbfe91b22ff6a8b2ffc3b010934cff27efea7c1
    bbox_px:
      x: 56
      y: 1347
      w: 26
      h: 104
    source_ppi: 181.06
    upscale_factor: 6.63
    upscale_provisional: true
  bottom_vignette:
    sha256: 5f7222112089bae207d7cc021a1e8ec10b8f274bff61a8f876df51590cb6eef1
    bbox_px:
      x: 590
      y: 1330
      w: 442
      h: 160
    source_ppi: 181.06
    upscale_factor: 1.66
    upscale_provisional: true
