schema_version: 1
page: 10
source: assets/page-10.jpg
source_sha256: 8aadbcf5cda05bec84012f52c636d8499bb5d052010bc5df998aaac3a5c13bae
fragments:
  running_head_raster:
    sha256: 009daeac78e77a8aad24e86b84dd711cecc8cd4beb970fb0498a185dc0935001
    bbox_px:
      x: 234
      y: 16
      w: 590
      h: 36
  heraldry_captioned:
    sha256: 4b28e229d8e42385978e54bbeb757368b32bae932ab0efb799db117620761394
    bbox_px:
      x: 36
      y: 40
      w: 128
      h: 205
  marian_figure_captioned:
    sha256: e6c4de83656bc055b38851dac0b0190b08a778a585d4767414c823204ee49e11
    bbox_px:
      x: 880
      y: 50
      w: 160
      h: 300
  title_ornament:
    sha256: 5291ebe47711c5250626b14c07c2182f3f3d28c3567cf9c2cf7e560db50097f7
    bbox_px:
      x: 298
      y: 176
      w: 443
      h: 28
  hero:
    sha256: d35794cbf8dbb8900608655e9c6deb2129a5774dd5b1f8d03145deb609f68e05
    bbox_px:
      x: 500
      y: 185
      w: 540
      h: 322
  cross_h1:
    sha256: 900cc69a021cffbee6a7ca025b0afe05840cb6869818dc1d95da04588b23c302
    bbox_px:
      x: 163
      y: 226
      w: 20
      h: 17
  cross_h2:
    sha256: 32b5ebe2ef8654b6a5712b51c2e6968f418903d0386586e084663ec6689cdcd9
    bbox_px:
      x: 50
      y: 448
      w: 19
      h: 22
  plan_box_captioned:
    sha256: f9ee771e63d955d848c2d1b7cde0b45eb818a5e296f2855eab32c81eeb883a84
    bbox_px:
      x: 515
      y: 507
      w: 522
      h: 300
  cross_h3:
    sha256: 840aa8d3b993ffd7cb9f6ee009c1db793aa2ee847efce1d40b1e76779cbd9941
    bbox_px:
      x: 50
      y: 673
      w: 21
      h: 20
  chronology_box_captioned:
    sha256: a0b14a4f95398ce0c7298e50bfeed6a8431f2dc28175ea43b7eea4dd05da6029
    bbox_px:
      x: 515
      y: 814
      w: 522
      h: 258
  cross_h4:
    sha256: de3b637cecdeeb25c654184d1853e8b89d4e8e8219278b7e7bf3b8251f2e60ad
    bbox_px:
      x: 50
      y: 856
      w: 19
      h: 22
  map_document:
    sha256: f1c4fa2d42cde7096ce05b9833fa2e90dde847e54f8e5c662c198a05afd65a25
    bbox_px:
      x: 40
      y: 1086
      w: 362
      h: 178
  pin_icon:
    sha256: 70db41e16052fc396ac1d7f0277e4300680640bb109a0b6143c485b9ace9e886
    bbox_px:
      x: 462
      y: 1088
      w: 17
      h: 22
  phone_icon:
    sha256: 7cf6d86133520b67bc6780a95f6805e8c9b17d42cc15c71b67582e33fbbad6de
    bbox_px:
      x: 773
      y: 1088
      w: 19
      h: 23
  localization_vignette:
    sha256: e789999caa55f6818f94fcba767c001a9bdcf99fae3f2fa9336991132ee5e61b
    bbox_px:
      x: 415
      y: 1160
      w: 255
      h: 100
  mappe_icon:
    sha256: ad4f53a178928abf786f64e4de740fb27e06728a635ff1046f39a58ad07443ca
    bbox_px:
      x: 58
      y: 1264
      w: 34
      h: 28
  info_icons:
    sha256: c1527369bc42754ed54bbe7350c0615e2ad3c79372d4fb7b6f4f2a9369528880
    bbox_px:
      x: 48
      y: 1323
      w: 30
      h: 112
  bottom_panorama:
    sha256: 2f9d40cd162e0862fcba70f1c089ae3989e78b2fb12a92162c9994d4116f0f7f
    bbox_px:
      x: 520
      y: 1310
      w: 500
      h: 160
