schema_version: 1
page: 2
source: assets/page-02.jpg
source_sha256: e6ecfa02a8d335765d1e9772d8fd28e4d3ce3a8e41ccd04b4513725843c1f2b8
fragments:
  running_head_raster:
    sha256: 52e5d4b3837dc646aae561fca73f26d959f0e1de3db78876339a66a6afb75774
    bbox_px:
      x: 250
      y: 16
      w: 530
      h: 26
  heraldry_official:
    sha256: 528cf87e74957935f800eeeeeba29ea2c05030641ca235157e0598c9709156da
    bbox_px:
      x: 35
      y: 165
      w: 210
      h: 236
  title_ornament:
    sha256: c611252301b2d3a1208ab1935a3383320bcfc606001ad84c176ecf22e1212b1a
    bbox_px:
      x: 415
      y: 170
      w: 190
      h: 30
  village_captioned:
    sha256: b6139cdcb1882908eb6517a19ebd5cc628943fec7481cfb5c0f8d3b1a3ea1695
    bbox_px:
      x: 655
      y: 105
      w: 369
      h: 430
  blason_box_frame:
    sha256: 0d3170a29f340c4b71a6f02800011fc739fb205490671348a797f34868e2e4be
    bbox_px:
      x: 245
      y: 420
      w: 440
      h: 115
  bishop_captioned:
    sha256: f80945887dad1edff84d73ec9fc5c92b2bd27eacb1481191cdbcaf402943e2e2
    bbox_px:
      x: 35
      y: 452
      w: 195
      h: 246
  cross_h1:
    sha256: 0281d0053558c388c6bb598633210ce8b967cfe88371fd92c83cd5c0eefadd5c
    bbox_px:
      x: 231
      y: 551
      w: 19
      h: 21
  seal_vicomte_captioned:
    sha256: 41b2dddab9cf3162f82377d78df77a8a8ae81dab37028ceee8cb5c22a8ca7548
    bbox_px:
      x: 41
      y: 735
      w: 188
      h: 150
  cross_h2:
    sha256: 96b7bf380664f9ff63135e42e1039f6a2ce3b3697e25c7657463110124aa023f
    bbox_px:
      x: 231
      y: 752
      w: 18
      h: 21
  knight_captioned:
    sha256: afccb14f7860ac9a823c3884cd6e9c31a2d4b895d81baa054ce47c78050bc5c3
    bbox_px:
      x: 25
      y: 885
      w: 186
      h: 310
  cross_h3:
    sha256: 6b6a315c016c36635a22736c5dae87e81cbb8cfe07aba65de3980ac93c875c05
    bbox_px:
      x: 231
      y: 956
      w: 19
      h: 22
  cross_h4:
    sha256: 520b52c959c90d6eb1a28f8c16fce0889140b3c744ec7b3b2c8a9727e6b3261a
    bbox_px:
      x: 231
      y: 1112
      w: 19
      h: 22
  equestrian_seal_captioned:
    sha256: 4ea0ad9f574d720724bab8ffb211a31f64ef11d8d0bb67b9c44a8551b2984cd2
    bbox_px:
      x: 795
      y: 551
      w: 165
      h: 178
  testament_captioned:
    sha256: 936aae0cc272029436bfb3247f82d1668eba1b38f671c8a2b9f32800f5fe8299
    bbox_px:
      x: 771
      y: 740
      w: 236
      h: 200
  monk_church_captioned:
    sha256: 6cdd481f1c0546705bd756c7851d8df1ac0736215369a3cd75bf3319e5ad9131
    bbox_px:
      x: 765
      y: 925
      w: 240
      h: 188
  louis_medallion_captioned:
    sha256: e4a5653e01ae6cdd2b1926cbfc08aef5bee698bfb852899ff65ecce2ebdfd33a
    bbox_px:
      x: 775
      y: 1113
      w: 232
      h: 102
  territory_map:
    sha256: 4cb9a3bc44821f1638349ec5c4070e2c77d73fdee05fa7cc3e5c45d33cdf8a81
    bbox_px:
      x: 40
      y: 1228
      w: 355
      h: 225
  empire_icons:
    sha256: 2f3a554681c6465a70e5578fa328a08a0f6e426470a33bac4a6ac15253a4ae93
    bbox_px:
      x: 467
      y: 1263
      w: 32
      h: 162
  heraldic_banner:
    sha256: ea3a8b9390a497e19281f24b18388f5b6ce4693cabc339a830a21ceb0982af67
    bbox_px:
      x: 845
      y: 1222
      w: 141
      h: 232
  footer_landscape_raster:
    sha256: 172fa641ecd58cca233cdd67f6eb2b80de61b67ef51e5d29fff5c33870e08856
    bbox_px:
      x: 20
      y: 1430
      w: 985
      h: 75
