schema_version: 1
page: 16
source: assets/page-16.jpg
source_sha256: 3faf93d696748d4b4d9fc7bf1eb8cf0b93bd09758e2913d1e7b74ec33b273331
fragments:
  corner_tl:
    sha256: a6a71d2f04e2c6e929d1950670942ef724eca2724903f42b81064079376b547e
    bbox_px:
      x: 12
      y: 8
      w: 45
      h: 45
    source_ppi: 131.81
    upscale_factor: 8.0
    upscale_provisional: true
  corner_tr:
    sha256: 6a61ff2d7999bd79d31bc3202814e3d608095ad699a96fa4c5b9f77714371b8f
    bbox_px:
      x: 710
      y: 8
      w: 45
      h: 45
    source_ppi: 131.81
    upscale_factor: 8.0
    upscale_provisional: true
  corner_bl:
    sha256: 2ead0e206e256d80988c9778c93a18031cea01d82a777db8e9e761f42a92ba28
    bbox_px:
      x: 12
      y: 970
      w: 45
      h: 45
    source_ppi: 131.81
    upscale_factor: 8.0
    upscale_provisional: true
  corner_br:
    sha256: b586d23582f772b47fab959ff4c10821a806b1f07d38993c4944435ad8a3a6aa
    bbox_px:
      x: 710
      y: 970
      w: 45
      h: 45
    source_ppi: 131.81
    upscale_factor: 8.0
    upscale_provisional: true
  title_ornament:
    sha256: f9bd3b9648419b718c3c9c6d114470506cb88a8c0062c88e9192d468009e59ad
    bbox_px:
      x: 222
      y: 83
      w: 333
      h: 32
    source_ppi: 131.81
    upscale_factor: 8.0
    upscale_provisional: true
  logo_raster:
    sha256: 30c5d320d9a912a6b55b8ed590262f973b5cd2b7e983704b5c963a91dc068fdc
    bbox_px:
      x: 227
      y: 393
      w: 316
      h: 222
    source_ppi: 131.81
    upscale_factor: 2.28
    upscale_provisional: true
  landscape:
    sha256: 64c2d3670158f638f8ef6e43aaca60e3317c94e091290ec87fac7edbf065faec
    bbox_px:
      x: 18
      y: 553
      w: 734
      h: 347
    source_ppi: 131.81
    upscale_factor: 2.28
    upscale_provisional: true
  qr_caption_raster:
    sha256: 4f86fc681112f1408e80a8410e1c574aed97fcfcaca264c0c2e9d11b00084796
    bbox_px:
      x: 644
      y: 901
      w: 109
      h: 80
    source_ppi: 131.81
    upscale_factor: 2.28
    upscale_provisional: true
